{
  "name": "whale-girl-desktop",
  "version": "0.1.0",
  "lockfileVersion": 3,
  "requires": true,
  "packages": {
    "": {
      "name": "whale-girl-desktop",
      "version": "0.1.0",
      "license": "MIT",
      "bin": {
        "whale-girl-desktop": "lib/index.mjs"
      },
      "engines": {
        "node": ">=18"
      }
    }
  }
}
